
Microsoft Visual Studio Solution File, Format Version 12.00
# Visual Studio Version 16
VisualStudioVersion = 16.0.35229.62
MinimumVisualStudioVersion = 10.0.40219.1
Project("{8BC9CEB8-8B4A-11D0-8D11-00A0C91BC942}") = "Lab_6.2 it", "Lab_6.2 it\Lab_6.2 it.vcxproj", "{35883B8E-D928-451B-BEF4-BF25520AB8C2}"
EndProject
Project("{8BC9CEB8-8B4A-11D0-8D11-00A0C91BC942}") = "UnitTest_lab_6.2 it", "UnitTest_lab_6.2 it\UnitTest_lab_6.2 it.vcxproj", "{911432E5-732C-487D-B5B6-659242F4801A}"
EndProject
Global
	GlobalSection(SolutionConfigurationPlatforms) = preSolution
		Debug|x64 = Debug|x64
		Debug|x86 = Debug|x86
		Release|x64 = Release|x64
		Release|x86 = Release|x86
	EndGlobalSection
	GlobalSection(ProjectConfigurationPlatforms) = postSolution
		{35883B8E-D928-451B-BEF4-BF25520AB8C2}.Debug|x64.ActiveCfg = Debug|x64
		{35883B8E-D928-451B-BEF4-BF25520AB8C2}.Debug|x64.Build.0 = Debug|x64
		{35883B8E-D928-451B-BEF4-BF25520AB8C2}.Debug|x86.ActiveCfg = Debug|Win32
		{35883B8E-D928-451B-BEF4-BF25520AB8C2}.Debug|x86.Build.0 = Debug|Win32
		{35883B8E-D928-451B-BEF4-BF25520AB8C2}.Release|x64.ActiveCfg = Release|x64
		{35883B8E-D928-451B-BEF4-BF25520AB8C2}.Release|x64.Build.0 = Release|x64
		{35883B8E-D928-451B-BEF4-BF25520AB8C2}.Release|x86.ActiveCfg = Release|Win32
		{35883B8E-D928-451B-BEF4-BF25520AB8C2}.Release|x86.Build.0 = Release|Win32
		{911432E5-732C-487D-B5B6-659242F4801A}.Debug|x64.ActiveCfg = Debug|x64
		{911432E5-732C-487D-B5B6-659242F4801A}.Debug|x64.Build.0 = Debug|x64
		{911432E5-732C-487D-B5B6-659242F4801A}.Debug|x86.ActiveCfg = Debug|Win32
		{911432E5-732C-487D-B5B6-659242F4801A}.Debug|x86.Build.0 = Debug|Win32
		{911432E5-732C-487D-B5B6-659242F4801A}.Release|x64.ActiveCfg = Release|x64
		{911432E5-732C-487D-B5B6-659242F4801A}.Release|x64.Build.0 = Release|x64
		{911432E5-732C-487D-B5B6-659242F4801A}.Release|x86.ActiveCfg = Release|Win32
		{911432E5-732C-487D-B5B6-659242F4801A}.Release|x86.Build.0 = Release|Win32
	EndGlobalSection
	GlobalSection(SolutionProperties) = preSolution
		HideSolutionNode = FALSE
	EndGlobalSection
	GlobalSection(ExtensibilityGlobals) = postSolution
		SolutionGuid = {611FFB15-6F97-4DE2-9123-392C1397B845}
	EndGlobalSection
EndGlobal
